
Microsoft Visual Studio Solution File, Format Version 12.00
# Visual Studio Version 17
VisualStudioVersion = 17.12.35728.132 d17.12
MinimumVisualStudioVersion = 10.0.40219.1
Project("{FAE04EC0-301F-11D3-BF4B-00C04F79EFBC}") = "HW #10 Advanced databases with EF Core", "HW #10 Advanced databases with EF Core\HW #10 Advanced databases with EF Core.csproj", "{B98BF0D5-5F27-47E0-B3A1-72B99C3726CD}"
EndProject
Global
	GlobalSection(SolutionConfigurationPlatforms) = preSolution
		Debug|Any CPU = Debug|Any CPU
		Release|Any CPU = Release|Any CPU
	EndGlobalSection
	GlobalSection(ProjectConfigurationPlatforms) = postSolution
		{B98BF0D5-5F27-47E0-B3A1-72B99C3726CD}.Debug|Any CPU.ActiveCfg = Debug|Any CPU
		{B98BF0D5-5F27-47E0-B3A1-72B99C3726CD}.Debug|Any CPU.Build.0 = Debug|Any CPU
		{B98BF0D5-5F27-47E0-B3A1-72B99C3726CD}.Release|Any CPU.ActiveCfg = Release|Any CPU
		{B98BF0D5-5F27-47E0-B3A1-72B99C3726CD}.Release|Any CPU.Build.0 = Release|Any CPU
	EndGlobalSection
	GlobalSection(SolutionProperties) = preSolution
		HideSolutionNode = FALSE
	EndGlobalSection
EndGlobal
